
Microsoft Visual Studio Solution File, Format Version 12.00
# Visual Studio Version 16
VisualStudioVersion = 16.0.29806.167
MinimumVisualStudioVersion = 10.0.40219.1
Project("{FAE04EC0-301F-11D3-BF4B-00C04F79EFBC}") = "LoanCalc", "LoanCalc\LoanCalc.csproj", "{60C936B2-DFA6-4F15-88F8-BC490810DE97}"
EndProject
Global
	GlobalSection(SolutionConfigurationPlatforms) = preSolution
		Debug|Any CPU = Debug|Any CPU
		Release|Any CPU = Release|Any CPU
	EndGlobalSection
	GlobalSection(ProjectConfigurationPlatforms) = postSolution
		{60C936B2-DFA6-4F15-88F8-BC490810DE97}.Debug|Any CPU.ActiveCfg = Debug|Any CPU
		{60C936B2-DFA6-4F15-88F8-BC490810DE97}.Debug|Any CPU.Build.0 = Debug|Any CPU
		{60C936B2-DFA6-4F15-88F8-BC490810DE97}.Release|Any CPU.ActiveCfg = Release|Any CPU
		{60C936B2-DFA6-4F15-88F8-BC490810DE97}.Release|Any CPU.Build.0 = Release|Any CPU
	EndGlobalSection
	GlobalSection(SolutionProperties) = preSolution
		HideSolutionNode = FALSE
	EndGlobalSection
	GlobalSection(ExtensibilityGlobals) = postSolution
		SolutionGuid = {91B65909-6B31-4F44-A698-0F133549F056}
	EndGlobalSection
EndGlobal
